{
  "object": {
    "pins": [
      {
        "package": "Nimble",
        "repositoryURL": "https://github.com/Quick/Nimble",
        "state": {
          "branch": null,
          "revision": "7a46a5fc86cb917f69e3daf79fcb045283d8f008",
          "version": "8.1.2"
        }
      },
      {
        "package": "Quick",
        "repositoryURL": "https://github.com/Quick/Quick",
        "state": {
          "branch": null,
          "revision": "09b3becb37cb2163919a3842a4c5fa6ec7130792",
          "version": "2.2.1"
        }
      },
      {
        "package": "Stencil",
        "repositoryURL": "https://github.com/philprime/Stencil",
        "state": {
          "branch": null,
          "revision": "5f5504b33fa15f984b353ec32f459432e143bd08",
          "version": "0.0.1"
        }
      }
    ]
  },
  "version": 1
}
