{
  "object": {
    "pins": [
      {
        "package": "Kingfisher",
        "repositoryURL": "https://github.com/onevcat/Kingfisher",
        "state": {
          "branch": null,
          "revision": "2db469112fbcfd83ff0a96c4546772d283f317f5",
          "version": "7.6.0"
        }
      },
      {
        "package": "Rainbow",
        "repositoryURL": "https://github.com/philprime/Rainbow",
        "state": {
          "branch": null,
          "revision": "9c3ddc792a03ccfd5d3ab80896fb332c512aac06",
          "version": "0.0.4"
        }
      }
    ]
  },
  "version": 1
}
